
Microsoft Visual Studio Solution File, Format Version 12.00
# Visual Studio Version 17
VisualStudioVersion = 17.10.34928.147
MinimumVisualStudioVersion = 10.0.40219.1
Project("{FAE04EC0-301F-11D3-BF4B-00C04F79EFBC}") = "BliFunc", "BliFunc\BliFunc.csproj", "{553E9354-8936-4F2D-B10C-AA88E4AC51CE}"
EndProject
Global
	GlobalSection(SolutionConfigurationPlatforms) = preSolution
		Debug|Any CPU = Debug|Any CPU
		Release|Any CPU = Release|Any CPU
	EndGlobalSection
	GlobalSection(ProjectConfigurationPlatforms) = postSolution
		{553E9354-8936-4F2D-B10C-AA88E4AC51CE}.Debug|Any CPU.ActiveCfg = Debug|Any CPU
		{553E9354-8936-4F2D-B10C-AA88E4AC51CE}.Debug|Any CPU.Build.0 = Debug|Any CPU
		{553E9354-8936-4F2D-B10C-AA88E4AC51CE}.Release|Any CPU.ActiveCfg = Release|Any CPU
		{553E9354-8936-4F2D-B10C-AA88E4AC51CE}.Release|Any CPU.Build.0 = Release|Any CPU
	EndGlobalSection
	GlobalSection(SolutionProperties) = preSolution
		HideSolutionNode = FALSE
	EndGlobalSection
	GlobalSection(ExtensibilityGlobals) = postSolution
		SolutionGuid = {FBD8682A-5557-4E6B-ACBC-E855268971CD}
	EndGlobalSection
EndGlobal
